
Microsoft Visual Studio Solution File, Format Version 12.00
# Visual Studio 15
VisualStudioVersion = 15.0.26430.16
MinimumVisualStudioVersion = 10.0.40219.1
Project("{FAE04EC0-301F-11D3-BF4B-00C04F79EFBC}") = "SerialReader", "SerialReader\SerialReader.csproj", "{DEDDA313-BEA6-4905-B491-4F683C8F80BE}"
EndProject
Project("{FAE04EC0-301F-11D3-BF4B-00C04F79EFBC}") = "SerialReaderTests", "SerialReaderTests\SerialReaderTests.csproj", "{2FC49739-4551-4D70-83E1-03C9C976941A}"
EndProject
Project("{FAE04EC0-301F-11D3-BF4B-00C04F79EFBC}") = "SerialReaderLibrary", "SerialReaderLibrary\SerialReaderLibrary.csproj", "{215058C6-6607-485B-BC99-11C5BF6748AA}"
EndProject
Global
	GlobalSection(SolutionConfigurationPlatforms) = preSolution
		Debug|Any CPU = Debug|Any CPU
		Release|Any CPU = Release|Any CPU
	EndGlobalSection
	GlobalSection(ProjectConfigurationPlatforms) = postSolution
		{DEDDA313-BEA6-4905-B491-4F683C8F80BE}.Debug|Any CPU.ActiveCfg = Debug|Any CPU
		{DEDDA313-BEA6-4905-B491-4F683C8F80BE}.Debug|Any CPU.Build.0 = Debug|Any CPU
		{DEDDA313-BEA6-4905-B491-4F683C8F80BE}.Release|Any CPU.ActiveCfg = Release|Any CPU
		{DEDDA313-BEA6-4905-B491-4F683C8F80BE}.Release|Any CPU.Build.0 = Release|Any CPU
		{2FC49739-4551-4D70-83E1-03C9C976941A}.Debug|Any CPU.ActiveCfg = Debug|Any CPU
		{2FC49739-4551-4D70-83E1-03C9C976941A}.Debug|Any CPU.Build.0 = Debug|Any CPU
		{2FC49739-4551-4D70-83E1-03C9C976941A}.Release|Any CPU.ActiveCfg = Release|Any CPU
		{2FC49739-4551-4D70-83E1-03C9C976941A}.Release|Any CPU.Build.0 = Release|Any CPU
		{215058C6-6607-485B-BC99-11C5BF6748AA}.Debug|Any CPU.ActiveCfg = Debug|Any CPU
		{215058C6-6607-485B-BC99-11C5BF6748AA}.Debug|Any CPU.Build.0 = Debug|Any CPU
		{215058C6-6607-485B-BC99-11C5BF6748AA}.Release|Any CPU.ActiveCfg = Release|Any CPU
		{215058C6-6607-485B-BC99-11C5BF6748AA}.Release|Any CPU.Build.0 = Release|Any CPU
	EndGlobalSection
	GlobalSection(SolutionProperties) = preSolution
		HideSolutionNode = FALSE
	EndGlobalSection
EndGlobal
