
Microsoft Visual Studio Solution File, Format Version 12.00
# Visual Studio 14
VisualStudioVersion = 14.0.25420.1
MinimumVisualStudioVersion = 10.0.40219.1
Project("{FAE04EC0-301F-11D3-BF4B-00C04F79EFBC}") = "SerialReader", "SerialReader\SerialReader.csproj", "{DEDDA313-BEA6-4905-B491-4F683C8F80BE}"
EndProject
Project("{FAE04EC0-301F-11D3-BF4B-00C04F79EFBC}") = "SerialReaderTestsNUnit", "SerialReaderTestsNUnit\SerialReaderTestsNUnit.csproj", "{6067F3F2-89D3-4F1C-BAE9-D4B66CF5F729}"
EndProject
Global
	GlobalSection(SolutionConfigurationPlatforms) = preSolution
		Debug|Any CPU = Debug|Any CPU
		Release|Any CPU = Release|Any CPU
	EndGlobalSection
	GlobalSection(ProjectConfigurationPlatforms) = postSolution
		{DEDDA313-BEA6-4905-B491-4F683C8F80BE}.Debug|Any CPU.ActiveCfg = Debug|Any CPU
		{DEDDA313-BEA6-4905-B491-4F683C8F80BE}.Debug|Any CPU.Build.0 = Debug|Any CPU
		{DEDDA313-BEA6-4905-B491-4F683C8F80BE}.Release|Any CPU.ActiveCfg = Release|Any CPU
		{DEDDA313-BEA6-4905-B491-4F683C8F80BE}.Release|Any CPU.Build.0 = Release|Any CPU
		{6067F3F2-89D3-4F1C-BAE9-D4B66CF5F729}.Debug|Any CPU.ActiveCfg = Debug|Any CPU
		{6067F3F2-89D3-4F1C-BAE9-D4B66CF5F729}.Debug|Any CPU.Build.0 = Debug|Any CPU
		{6067F3F2-89D3-4F1C-BAE9-D4B66CF5F729}.Release|Any CPU.ActiveCfg = Release|Any CPU
		{6067F3F2-89D3-4F1C-BAE9-D4B66CF5F729}.Release|Any CPU.Build.0 = Release|Any CPU
	EndGlobalSection
	GlobalSection(SolutionProperties) = preSolution
		HideSolutionNode = FALSE
	EndGlobalSection
EndGlobal
